<?xml version="1.0" encoding="utf-8"?>
<Project ToolsVersion="4.0" xmlns="http://schemas.microsoft.com/developer/msbuild/2003">
  <ItemGroup>
    <Filter Include="win32">
      <UniqueIdentifier>{84a8ebd7-7cf0-47f6-b75e-d441df67da40}</UniqueIdentifier>
    </Filter>
    <Filter Include="Classes">
      <UniqueIdentifier>{bb6c862e-70e9-49d9-81b7-3829a6f50471}</UniqueIdentifier>
    </Filter>
    <Filter Include="Classes\map">
      <UniqueIdentifier>{70abde20-b263-48d0-a9c9-cc47d658ecd8}</UniqueIdentifier>
    </Filter>
    <Filter Include="Classes\moonSugar">
      <UniqueIdentifier>{8cd2270e-a567-487e-953c-ff85c2acc065}</UniqueIdentifier>
    </Filter>
  </ItemGroup>
  <ItemGroup>
    <ClCompile Include="main.cpp">
      <Filter>win32</Filter>
    </ClCompile>
    <ClCompile Include="..\Classes\AppDelegate.cpp">
      <Filter>Classes</Filter>
    </ClCompile>
    <ClCompile Include="..\Classes\HelloWorldScene.cpp">
      <Filter>Classes</Filter>
    </ClCompile>
    <ClCompile Include="..\Classes\map\MapData.cpp">
      <Filter>Classes\map</Filter>
    </ClCompile>
    <ClCompile Include="..\Classes\moonSugar\MoonSugar.cpp">
      <Filter>Classes\moonSugar</Filter>
    </ClCompile>
    <ClCompile Include="..\Classes\moonSugar\MSGeometry.cpp">
      <Filter>Classes\moonSugar</Filter>
    </ClCompile>
    <ClCompile Include="..\Classes\moonSugar\MSGroup.cpp">
      <Filter>Classes\moonSugar</Filter>
    </ClCompile>
    <ClCompile Include="..\Classes\moonSugar\MSMvc.cpp">
      <Filter>Classes\moonSugar</Filter>
    </ClCompile>
    <ClCompile Include="..\Classes\map\MapView.cpp">
      <Filter>Classes\map</Filter>
    </ClCompile>
  </ItemGroup>
  <ItemGroup>
    <ClInclude Include="main.h">
      <Filter>win32</Filter>
    </ClInclude>
    <ClInclude Include="..\Classes\AppDelegate.h">
      <Filter>Classes</Filter>
    </ClInclude>
    <ClInclude Include="..\Classes\HelloWorldScene.h">
      <Filter>Classes</Filter>
    </ClInclude>
    <ClInclude Include="..\Classes\map\MapData.h">
      <Filter>Classes\map</Filter>
    </ClInclude>
    <ClInclude Include="..\Classes\moonSugar\MoonSugar.h">
      <Filter>Classes\moonSugar</Filter>
    </ClInclude>
    <ClInclude Include="..\Classes\moonSugar\MSGeometry.h">
      <Filter>Classes\moonSugar</Filter>
    </ClInclude>
    <ClInclude Include="..\Classes\moonSugar\MSGroup.h">
      <Filter>Classes\moonSugar</Filter>
    </ClInclude>
    <ClInclude Include="..\Classes\moonSugar\MSMvc.h">
      <Filter>Classes\moonSugar</Filter>
    </ClInclude>
    <ClInclude Include="..\Classes\map\MapView.h">
      <Filter>Classes\map</Filter>
    </ClInclude>
  </ItemGroup>
</Project>